
Microsoft Visual Studio Solution File, Format Version 12.00
# Visual Studio Version 16
VisualStudioVersion = 16.0.32510.428
MinimumVisualStudioVersion = 10.0.40219.1
Project("{8BC9CEB8-8B4A-11D0-8D11-00A0C91BC942}") = "STL_Deque", "STL_Deque\STL_Deque.vcxproj", "{713310FF-416C-451E-80A5-AB3C4E5D5CE1}"
EndProject
Global
	GlobalSection(SolutionConfigurationPlatforms) = preSolution
		Debug|x64 = Debug|x64
		Debug|x86 = Debug|x86
		Release|x64 = Release|x64
		Release|x86 = Release|x86
	EndGlobalSection
	GlobalSection(ProjectConfigurationPlatforms) = postSolution
		{713310FF-416C-451E-80A5-AB3C4E5D5CE1}.Debug|x64.ActiveCfg = Debug|x64
		{713310FF-416C-451E-80A5-AB3C4E5D5CE1}.Debug|x64.Build.0 = Debug|x64
		{713310FF-416C-451E-80A5-AB3C4E5D5CE1}.Debug|x86.ActiveCfg = Debug|Win32
		{713310FF-416C-451E-80A5-AB3C4E5D5CE1}.Debug|x86.Build.0 = Debug|Win32
		{713310FF-416C-451E-80A5-AB3C4E5D5CE1}.Release|x64.ActiveCfg = Release|x64
		{713310FF-416C-451E-80A5-AB3C4E5D5CE1}.Release|x64.Build.0 = Release|x64
		{713310FF-416C-451E-80A5-AB3C4E5D5CE1}.Release|x86.ActiveCfg = Release|Win32
		{713310FF-416C-451E-80A5-AB3C4E5D5CE1}.Release|x86.Build.0 = Release|Win32
	EndGlobalSection
	GlobalSection(SolutionProperties) = preSolution
		HideSolutionNode = FALSE
	EndGlobalSection
	GlobalSection(ExtensibilityGlobals) = postSolution
		SolutionGuid = {9648A861-D38F-4634-AD4D-1E3DB28B7C8F}
	EndGlobalSection
EndGlobal
